
Microsoft Visual Studio Solution File, Format Version 12.00
# Visual Studio 15
VisualStudioVersion = 15.0.28307.1500
MinimumVisualStudioVersion = 10.0.40219.1
Project("{9A19103F-16F7-4668-BE54-9A1E7A4F7556}") = "S2SIntegration_ProcessPrintTask", "S2SIntegration_ProcessPrintTask\S2SIntegration_ProcessPrintTask.csproj", "{F4DDD2D9-0B16-4CA7-87E6-0C2EFCD6D15E}"
EndProject
Global
	GlobalSection(SolutionConfigurationPlatforms) = preSolution
		Debug|Any CPU = Debug|Any CPU
		Release|Any CPU = Release|Any CPU
	EndGlobalSection
	GlobalSection(ProjectConfigurationPlatforms) = postSolution
		{F4DDD2D9-0B16-4CA7-87E6-0C2EFCD6D15E}.Debug|Any CPU.ActiveCfg = Debug|Any CPU
		{F4DDD2D9-0B16-4CA7-87E6-0C2EFCD6D15E}.Debug|Any CPU.Build.0 = Debug|Any CPU
		{F4DDD2D9-0B16-4CA7-87E6-0C2EFCD6D15E}.Release|Any CPU.ActiveCfg = Release|Any CPU
		{F4DDD2D9-0B16-4CA7-87E6-0C2EFCD6D15E}.Release|Any CPU.Build.0 = Release|Any CPU
	EndGlobalSection
	GlobalSection(SolutionProperties) = preSolution
		HideSolutionNode = FALSE
	EndGlobalSection
	GlobalSection(ExtensibilityGlobals) = postSolution
		SolutionGuid = {9E05FC96-02BF-4EEF-904D-F75F524A8D5A}
	EndGlobalSection
EndGlobal
